
Microsoft Visual Studio Solution File, Format Version 12.00
# Visual Studio Version 17
VisualStudioVersion = 17.0.31912.275
MinimumVisualStudioVersion = 10.0.40219.1
Project("{FAE04EC0-301F-11D3-BF4B-00C04F79EFBC}") = "ConfiguratorPCManager", "ConfiguratorPCManager\ConfiguratorPCManager.csproj", "{D28085EF-9F52-4D1C-BB75-335E04279F4B}"
EndProject
Global
	GlobalSection(SolutionConfigurationPlatforms) = preSolution
		Debug|Any CPU = Debug|Any CPU
		Release|Any CPU = Release|Any CPU
	EndGlobalSection
	GlobalSection(ProjectConfigurationPlatforms) = postSolution
		{D28085EF-9F52-4D1C-BB75-335E04279F4B}.Debug|Any CPU.ActiveCfg = Debug|Any CPU
		{D28085EF-9F52-4D1C-BB75-335E04279F4B}.Debug|Any CPU.Build.0 = Debug|Any CPU
		{D28085EF-9F52-4D1C-BB75-335E04279F4B}.Release|Any CPU.ActiveCfg = Release|Any CPU
		{D28085EF-9F52-4D1C-BB75-335E04279F4B}.Release|Any CPU.Build.0 = Release|Any CPU
	EndGlobalSection
	GlobalSection(SolutionProperties) = preSolution
		HideSolutionNode = FALSE
	EndGlobalSection
	GlobalSection(ExtensibilityGlobals) = postSolution
		SolutionGuid = {6303E882-30F8-4623-B305-7AF27E07533C}
	EndGlobalSection
EndGlobal
